
Microsoft Visual Studio Solution File, Format Version 12.00
# Visual Studio Version 17
VisualStudioVersion = 17.14.37614.0
MinimumVisualStudioVersion = 10.0.40219.1
Project("{2150E333-8FDC-42A3-9474-1A3956D46DE8}") = "Task0", "Task0", "{02EA681E-C7D8-13C7-8484-4AC65E1B71E8}"
EndProject
Project("{FAE04EC0-301F-11D3-BF4B-00C04F79EFBC}") = "Tyuiu.IzingerVA.Sprint0.Task0.V0", "Tyuiu.IzingerVA.Sprint0.Task0.V0\Tyuiu.IzingerVA.Sprint0.Task0.V0.csproj", "{28017C45-216E-41B8-817F-D5CA18F36199}"
EndProject
Project("{2150E333-8FDC-42A3-9474-1A3956D46DE8}") = "Task1", "Task1", "{CDDABC76-EAE7-40B9-BF27-9A04217B35B0}"
EndProject
Project("{FAE04EC0-301F-11D3-BF4B-00C04F79EFBC}") = "Tyuiu.IzingerVA.Sprint0.Task1.V0", "Tyuiu.IzingerVA.Sprint0.Task1.V0\Tyuiu.IzingerVA.Sprint0.Task1.V0.csproj", "{98F3F033-DFD1-26A5-DFF7-F1066F09C86E}"
EndProject
Project("{2150E333-8FDC-42A3-9474-1A3956D46DE8}") = "Task2", "Task2", "{67DC1DB0-D610-47D7-8F7B-3841CD9BDC3C}"
EndProject
Project("{FAE04EC0-301F-11D3-BF4B-00C04F79EFBC}") = "Tyuiu.IzingerVA.Sprint0.Task2.V0", "Tyuiu.IzingerVA.Sprint0.Task2.V0\Tyuiu.IzingerVA.Sprint0.Task2.V0.csproj", "{2175DA28-CC40-44A5-9DAE-53CE28E2FA84}"
EndProject
Project("{FAE04EC0-301F-11D3-BF4B-00C04F79EFBC}") = "Tyuiu.IzingerVA.Sprint0.Task2.V0.Lib", "Tyuiu.izingerVA.Sprint0.Task2.V0.Lib\Tyuiu.IzingerVA.Sprint0.Task2.V0.Lib.csproj", "{115F6340-548D-4125-95AA-93000D69369A}"
EndProject
Project("{FAE04EC0-301F-11D3-BF4B-00C04F79EFBC}") = "Tyuiu.IzingerVA.Sprint0.Task2.V0.Test", "Tyuiu.IzingerVA.Sprint0.Task2.V0.Test\Tyuiu.IzingerVA.Sprint0.Task2.V0.Test.csproj", "{1C67B747-C82B-4F25-967F-4235C878FD8C}"
EndProject
Project("{2150E333-8FDC-42A3-9474-1A3956D46DE8}") = "Task3", "Task3", "{8E0C6F5E-135B-47BE-B329-1C2660E1D470}"
EndProject
Project("{FAE04EC0-301F-11D3-BF4B-00C04F79EFBC}") = "Tyuiu.IzingerVA.Sprint0.Task3.V0", "Tyuiu.IzingerVA.Sprint0.Task3.V0\Tyuiu.IzingerVA.Sprint0.Task3.V0.csproj", "{F5FC3394-D14F-4BD8-BB58-C376BE244EA5}"
EndProject
Project("{FAE04EC0-301F-11D3-BF4B-00C04F79EFBC}") = "Tyuiu.IzingerVA.Sprint0.Task3.V0.Lib", "Tyuiu.IzingerVA.Sprint0.Task3.V0.Lib\Tyuiu.IzingerVA.Sprint0.Task3.V0.Lib.csproj", "{3D9D9100-1E63-436A-8494-68B69BA41185}"
EndProject
Project("{FAE04EC0-301F-11D3-BF4B-00C04F79EFBC}") = "Tyuiu.IzingerVA.Sprint0.Task3.V0.Test", "Tyuiu.IzingerVA.Sprint0.Task3.V0.Test\Tyuiu.IzingerVA.Sprint0.Task3.V0.Test.csproj", "{D43E20AB-8E97-4B89-926B-E664630DC1C8}"
EndProject
Project("{2150E333-8FDC-42A3-9474-1A3956D46DE8}") = "Task4", "Task4", "{BC6CB6AA-CC69-4452-B61C-3AA2361CA549}"
EndProject
Project("{FAE04EC0-301F-11D3-BF4B-00C04F79EFBC}") = "Tyuiu.IzingerVA.Sprint0.Task4.V0", "Tyuiu.IzingerVA.Sprint0.Task4.V0\Tyuiu.IzingerVA.Sprint0.Task4.V0.csproj", "{4E9C54ED-C375-4925-A7D5-E6E992D7A9F8}"
EndProject
Project("{FAE04EC0-301F-11D3-BF4B-00C04F79EFBC}") = "Tyuiu.IzingerVA.Sprint0.Task4.V0.Lib", "Tyuiu.IzingerVA.Sprint0.Task4.V0.Lib\Tyuiu.IzingerVA.Sprint0.Task4.V0.Lib.csproj", "{BFD28EF2-53C6-4DA5-8B8E-86E1680C0CC3}"
EndProject
Project("{FAE04EC0-301F-11D3-BF4B-00C04F79EFBC}") = "Tyuiu.IzingerVA.Sprint0.Task4.V0.Test", "Tyuiu.IzingerVA.Sprint0.Task4.V0.Test\Tyuiu.IzingerVA.Sprint0.Task4.V0.Test.csproj", "{ABB0C101-A940-411C-94C9-0CD7199B1809}"
EndProject
Project("{2150E333-8FDC-42A3-9474-1A3956D46DE8}") = "Task5", "Task5", "{1E390696-5BA4-478D-A810-0B3B99CBD023}"
EndProject
Project("{FAE04EC0-301F-11D3-BF4B-00C04F79EFBC}") = "Tyuiu.IzingerVA.Sprint0.Task5.V0", "Tyuiu.IzingerVA.Sprint0.Task5.V0\Tyuiu.IzingerVA.Sprint0.Task5.V0.csproj", "{0A9925AE-DD81-4E8C-B813-778697D91CD5}"
EndProject
Project("{FAE04EC0-301F-11D3-BF4B-00C04F79EFBC}") = "Tyuiu.IzingerVA.Sprint0.Task5.V0.Lib", "Tyuiu.IzingerVA.Sprint0.Task5.V0.Lib\Tyuiu.IzingerVA.Sprint0.Task5.V0.Lib.csproj", "{DEFB5016-6CD6-4C0F-B6B1-6DA425B139E7}"
EndProject
Project("{FAE04EC0-301F-11D3-BF4B-00C04F79EFBC}") = "Tyuiu.IzingerVA.Sprint0.Task5.V0.Test", "Tyuiu.IzingerVA.Sprint0.Task5.V0.Test\Tyuiu.IzingerVA.Sprint0.Task5.V0.Test.csproj", "{C6375BB1-4260-4FB3-BEEE-1ED5D4BFE75E}"
EndProject
Project("{2150E333-8FDC-42A3-9474-1A3956D46DE8}") = "Task6", "Task6", "{0805A8E6-1883-4CC0-AD8E-5075F312B76F}"
EndProject
Project("{FAE04EC0-301F-11D3-BF4B-00C04F79EFBC}") = "Tyuiu.IzingerVA.Sprint0.Task6.V0", "Tyuiu.IzingerVA.Sprint0.Task6.V0\Tyuiu.IzingerVA.Sprint0.Task6.V0.csproj", "{F8E4852E-23CE-450F-BBB3-490413DF0461}"
EndProject
Project("{FAE04EC0-301F-11D3-BF4B-00C04F79EFBC}") = "Tyuiu.IzingerVA.Sprint0.Task6.V0.Lib", "Tyuiu.IzingerVA.Sprint0.Task6.V0.Lib\Tyuiu.IzingerVA.Sprint0.Task6.V0.Lib.csproj", "{829F155D-740C-4C8C-A927-F6A83D1FEF29}"
EndProject
Project("{FAE04EC0-301F-11D3-BF4B-00C04F79EFBC}") = "Tyuiu.IzingerVA.Sprint0.Task6.V0.Test", "Tyuiu.IzingerVA.Sprint0.Task6.V0.Test\Tyuiu.IzingerVA.Sprint0.Task6.V0.Test.csproj", "{55639031-E7A3-4D4C-A011-92E950FCBEF8}"
EndProject
Global
	GlobalSection(SolutionConfigurationPlatforms) = preSolution
		Debug|Any CPU = Debug|Any CPU
		Release|Any CPU = Release|Any CPU
	EndGlobalSection
	GlobalSection(ProjectConfigurationPlatforms) = postSolution
		{28017C45-216E-41B8-817F-D5CA18F36199}.Debug|Any CPU.ActiveCfg = Debug|Any CPU
		{28017C45-216E-41B8-817F-D5CA18F36199}.Debug|Any CPU.Build.0 = Debug|Any CPU
		{28017C45-216E-41B8-817F-D5CA18F36199}.Release|Any CPU.ActiveCfg = Release|Any CPU
		{28017C45-216E-41B8-817F-D5CA18F36199}.Release|Any CPU.Build.0 = Release|Any CPU
		{98F3F033-DFD1-26A5-DFF7-F1066F09C86E}.Debug|Any CPU.ActiveCfg = Debug|Any CPU
		{98F3F033-DFD1-26A5-DFF7-F1066F09C86E}.Debug|Any CPU.Build.0 = Debug|Any CPU
		{98F3F033-DFD1-26A5-DFF7-F1066F09C86E}.Release|Any CPU.ActiveCfg = Release|Any CPU
		{98F3F033-DFD1-26A5-DFF7-F1066F09C86E}.Release|Any CPU.Build.0 = Release|Any CPU
		{2175DA28-CC40-44A5-9DAE-53CE28E2FA84}.Debug|Any CPU.ActiveCfg = Debug|Any CPU
		{2175DA28-CC40-44A5-9DAE-53CE28E2FA84}.Debug|Any CPU.Build.0 = Debug|Any CPU
		{2175DA28-CC40-44A5-9DAE-53CE28E2FA84}.Release|Any CPU.ActiveCfg = Release|Any CPU
		{2175DA28-CC40-44A5-9DAE-53CE28E2FA84}.Release|Any CPU.Build.0 = Release|Any CPU
		{115F6340-548D-4125-95AA-93000D69369A}.Debug|Any CPU.ActiveCfg = Debug|Any CPU
		{115F6340-548D-4125-95AA-93000D69369A}.Debug|Any CPU.Build.0 = Debug|Any CPU
		{115F6340-548D-4125-95AA-93000D69369A}.Release|Any CPU.ActiveCfg = Release|Any CPU
		{115F6340-548D-4125-95AA-93000D69369A}.Release|Any CPU.Build.0 = Release|Any CPU
		{1C67B747-C82B-4F25-967F-4235C878FD8C}.Debug|Any CPU.ActiveCfg = Debug|Any CPU
		{1C67B747-C82B-4F25-967F-4235C878FD8C}.Debug|Any CPU.Build.0 = Debug|Any CPU
		{1C67B747-C82B-4F25-967F-4235C878FD8C}.Release|Any CPU.ActiveCfg = Release|Any CPU
		{1C67B747-C82B-4F25-967F-4235C878FD8C}.Release|Any CPU.Build.0 = Release|Any CPU
		{F5FC3394-D14F-4BD8-BB58-C376BE244EA5}.Debug|Any CPU.ActiveCfg = Debug|Any CPU
		{F5FC3394-D14F-4BD8-BB58-C376BE244EA5}.Debug|Any CPU.Build.0 = Debug|Any CPU
		{F5FC3394-D14F-4BD8-BB58-C376BE244EA5}.Release|Any CPU.ActiveCfg = Release|Any CPU
		{F5FC3394-D14F-4BD8-BB58-C376BE244EA5}.Release|Any CPU.Build.0 = Release|Any CPU
		{3D9D9100-1E63-436A-8494-68B69BA41185}.Debug|Any CPU.ActiveCfg = Debug|Any CPU
		{3D9D9100-1E63-436A-8494-68B69BA41185}.Debug|Any CPU.Build.0 = Debug|Any CPU
		{3D9D9100-1E63-436A-8494-68B69BA41185}.Release|Any CPU.ActiveCfg = Release|Any CPU
		{3D9D9100-1E63-436A-8494-68B69BA41185}.Release|Any CPU.Build.0 = Release|Any CPU
		{D43E20AB-8E97-4B89-926B-E664630DC1C8}.Debug|Any CPU.ActiveCfg = Debug|Any CPU
		{D43E20AB-8E97-4B89-926B-E664630DC1C8}.Debug|Any CPU.Build.0 = Debug|Any CPU
		{D43E20AB-8E97-4B89-926B-E664630DC1C8}.Release|Any CPU.ActiveCfg = Release|Any CPU
		{D43E20AB-8E97-4B89-926B-E664630DC1C8}.Release|Any CPU.Build.0 = Release|Any CPU
		{4E9C54ED-C375-4925-A7D5-E6E992D7A9F8}.Debug|Any CPU.ActiveCfg = Debug|Any CPU
		{4E9C54ED-C375-4925-A7D5-E6E992D7A9F8}.Debug|Any CPU.Build.0 = Debug|Any CPU
		{4E9C54ED-C375-4925-A7D5-E6E992D7A9F8}.Release|Any CPU.ActiveCfg = Release|Any CPU
		{4E9C54ED-C375-4925-A7D5-E6E992D7A9F8}.Release|Any CPU.Build.0 = Release|Any CPU
		{BFD28EF2-53C6-4DA5-8B8E-86E1680C0CC3}.Debug|Any CPU.ActiveCfg = Debug|Any CPU
		{BFD28EF2-53C6-4DA5-8B8E-86E1680C0CC3}.Debug|Any CPU.Build.0 = Debug|Any CPU
		{BFD28EF2-53C6-4DA5-8B8E-86E1680C0CC3}.Release|Any CPU.ActiveCfg = Release|Any CPU
		{BFD28EF2-53C6-4DA5-8B8E-86E1680C0CC3}.Release|Any CPU.Build.0 = Release|Any CPU
		{ABB0C101-A940-411C-94C9-0CD7199B1809}.Debug|Any CPU.ActiveCfg = Debug|Any CPU
		{ABB0C101-A940-411C-94C9-0CD7199B1809}.Debug|Any CPU.Build.0 = Debug|Any CPU
		{ABB0C101-A940-411C-94C9-0CD7199B1809}.Release|Any CPU.ActiveCfg = Release|Any CPU
		{ABB0C101-A940-411C-94C9-0CD7199B1809}.Release|Any CPU.Build.0 = Release|Any CPU
		{0A9925AE-DD81-4E8C-B813-778697D91CD5}.Debug|Any CPU.ActiveCfg = Debug|Any CPU
		{0A9925AE-DD81-4E8C-B813-778697D91CD5}.Debug|Any CPU.Build.0 = Debug|Any CPU
		{0A9925AE-DD81-4E8C-B813-778697D91CD5}.Release|Any CPU.ActiveCfg = Release|Any CPU
		{0A9925AE-DD81-4E8C-B813-778697D91CD5}.Release|Any CPU.Build.0 = Release|Any CPU
		{DEFB5016-6CD6-4C0F-B6B1-6DA425B139E7}.Debug|Any CPU.ActiveCfg = Debug|Any CPU
		{DEFB5016-6CD6-4C0F-B6B1-6DA425B139E7}.Debug|Any CPU.Build.0 = Debug|Any CPU
		{DEFB5016-6CD6-4C0F-B6B1-6DA425B139E7}.Release|Any CPU.ActiveCfg = Release|Any CPU
		{DEFB5016-6CD6-4C0F-B6B1-6DA425B139E7}.Release|Any CPU.Build.0 = Release|Any CPU
		{C6375BB1-4260-4FB3-BEEE-1ED5D4BFE75E}.Debug|Any CPU.ActiveCfg = Debug|Any CPU
		{C6375BB1-4260-4FB3-BEEE-1ED5D4BFE75E}.Debug|Any CPU.Build.0 = Debug|Any CPU
		{C6375BB1-4260-4FB3-BEEE-1ED5D4BFE75E}.Release|Any CPU.ActiveCfg = Release|Any CPU
		{C6375BB1-4260-4FB3-BEEE-1ED5D4BFE75E}.Release|Any CPU.Build.0 = Release|Any CPU
		{F8E4852E-23CE-450F-BBB3-490413DF0461}.Debug|Any CPU.ActiveCfg = Debug|Any CPU
		{F8E4852E-23CE-450F-BBB3-490413DF0461}.Debug|Any CPU.Build.0 = Debug|Any CPU
		{F8E4852E-23CE-450F-BBB3-490413DF0461}.Release|Any CPU.ActiveCfg = Release|Any CPU
		{F8E4852E-23CE-450F-BBB3-490413DF0461}.Release|Any CPU.Build.0 = Release|Any CPU
		{829F155D-740C-4C8C-A927-F6A83D1FEF29}.Debug|Any CPU.ActiveCfg = Debug|Any CPU
		{829F155D-740C-4C8C-A927-F6A83D1FEF29}.Debug|Any CPU.Build.0 = Debug|Any CPU
		{829F155D-740C-4C8C-A927-F6A83D1FEF29}.Release|Any CPU.ActiveCfg = Release|Any CPU
		{829F155D-740C-4C8C-A927-F6A83D1FEF29}.Release|Any CPU.Build.0 = Release|Any CPU
		{55639031-E7A3-4D4C-A011-92E950FCBEF8}.Debug|Any CPU.ActiveCfg = Debug|Any CPU
		{55639031-E7A3-4D4C-A011-92E950FCBEF8}.Debug|Any CPU.Build.0 = Debug|Any CPU
		{55639031-E7A3-4D4C-A011-92E950FCBEF8}.Release|Any CPU.ActiveCfg = Release|Any CPU
		{55639031-E7A3-4D4C-A011-92E950FCBEF8}.Release|Any CPU.Build.0 = Release|Any CPU
	EndGlobalSection
	GlobalSection(SolutionProperties) = preSolution
		HideSolutionNode = FALSE
	EndGlobalSection
	GlobalSection(NestedProjects) = preSolution
		{28017C45-216E-41B8-817F-D5CA18F36199} = {02EA681E-C7D8-13C7-8484-4AC65E1B71E8}
		{98F3F033-DFD1-26A5-DFF7-F1066F09C86E} = {CDDABC76-EAE7-40B9-BF27-9A04217B35B0}
		{2175DA28-CC40-44A5-9DAE-53CE28E2FA84} = {67DC1DB0-D610-47D7-8F7B-3841CD9BDC3C}
		{115F6340-548D-4125-95AA-93000D69369A} = {67DC1DB0-D610-47D7-8F7B-3841CD9BDC3C}
		{1C67B747-C82B-4F25-967F-4235C878FD8C} = {67DC1DB0-D610-47D7-8F7B-3841CD9BDC3C}
		{F5FC3394-D14F-4BD8-BB58-C376BE244EA5} = {8E0C6F5E-135B-47BE-B329-1C2660E1D470}
		{3D9D9100-1E63-436A-8494-68B69BA41185} = {8E0C6F5E-135B-47BE-B329-1C2660E1D470}
		{D43E20AB-8E97-4B89-926B-E664630DC1C8} = {8E0C6F5E-135B-47BE-B329-1C2660E1D470}
		{4E9C54ED-C375-4925-A7D5-E6E992D7A9F8} = {BC6CB6AA-CC69-4452-B61C-3AA2361CA549}
		{BFD28EF2-53C6-4DA5-8B8E-86E1680C0CC3} = {BC6CB6AA-CC69-4452-B61C-3AA2361CA549}
		{ABB0C101-A940-411C-94C9-0CD7199B1809} = {BC6CB6AA-CC69-4452-B61C-3AA2361CA549}
		{0A9925AE-DD81-4E8C-B813-778697D91CD5} = {1E390696-5BA4-478D-A810-0B3B99CBD023}
		{DEFB5016-6CD6-4C0F-B6B1-6DA425B139E7} = {1E390696-5BA4-478D-A810-0B3B99CBD023}
		{C6375BB1-4260-4FB3-BEEE-1ED5D4BFE75E} = {1E390696-5BA4-478D-A810-0B3B99CBD023}
		{F8E4852E-23CE-450F-BBB3-490413DF0461} = {0805A8E6-1883-4CC0-AD8E-5075F312B76F}
		{829F155D-740C-4C8C-A927-F6A83D1FEF29} = {0805A8E6-1883-4CC0-AD8E-5075F312B76F}
		{55639031-E7A3-4D4C-A011-92E950FCBEF8} = {0805A8E6-1883-4CC0-AD8E-5075F312B76F}
	EndGlobalSection
	GlobalSection(ExtensibilityGlobals) = postSolution
		SolutionGuid = {DA575931-F930-46BA-A39D-976970B16CB2}
	EndGlobalSection
EndGlobal
