
Microsoft Visual Studio Solution File, Format Version 12.00
# Visual Studio Version 17
VisualStudioVersion = 17.14.37614.0
MinimumVisualStudioVersion = 10.0.40219.1
Project("{2150E333-8FDC-42A3-9474-1A3956D46DE8}") = "Task0", "Task0", "{02EA681E-C7D8-13C7-8484-4AC65E1B71E8}"
EndProject
Project("{FAE04EC0-301F-11D3-BF4B-00C04F79EFBC}") = "Tyuiu.IzingerVA.Sprint0.Task0.V0", "Tyuiu.IzingerVA.Sprint0.Task0.V0\Tyuiu.IzingerVA.Sprint0.Task0.V0.csproj", "{28017C45-216E-41B8-817F-D5CA18F36199}"
EndProject
Project("{2150E333-8FDC-42A3-9474-1A3956D46DE8}") = "Task1", "Task1", "{CDDABC76-EAE7-40B9-BF27-9A04217B35B0}"
EndProject
Project("{FAE04EC0-301F-11D3-BF4B-00C04F79EFBC}") = "Tyuiu.IzingerVA.Sprint0.Task1.V0", "Tyuiu.IzingerVA.Sprint0.Task1.V0\Tyuiu.IzingerVA.Sprint0.Task1.V0.csproj", "{98F3F033-DFD1-26A5-DFF7-F1066F09C86E}"
EndProject
Global
	GlobalSection(SolutionConfigurationPlatforms) = preSolution
		Debug|Any CPU = Debug|Any CPU
		Release|Any CPU = Release|Any CPU
	EndGlobalSection
	GlobalSection(ProjectConfigurationPlatforms) = postSolution
		{28017C45-216E-41B8-817F-D5CA18F36199}.Debug|Any CPU.ActiveCfg = Debug|Any CPU
		{28017C45-216E-41B8-817F-D5CA18F36199}.Debug|Any CPU.Build.0 = Debug|Any CPU
		{28017C45-216E-41B8-817F-D5CA18F36199}.Release|Any CPU.ActiveCfg = Release|Any CPU
		{28017C45-216E-41B8-817F-D5CA18F36199}.Release|Any CPU.Build.0 = Release|Any CPU
		{98F3F033-DFD1-26A5-DFF7-F1066F09C86E}.Debug|Any CPU.ActiveCfg = Debug|Any CPU
		{98F3F033-DFD1-26A5-DFF7-F1066F09C86E}.Debug|Any CPU.Build.0 = Debug|Any CPU
		{98F3F033-DFD1-26A5-DFF7-F1066F09C86E}.Release|Any CPU.ActiveCfg = Release|Any CPU
		{98F3F033-DFD1-26A5-DFF7-F1066F09C86E}.Release|Any CPU.Build.0 = Release|Any CPU
	EndGlobalSection
	GlobalSection(SolutionProperties) = preSolution
		HideSolutionNode = FALSE
	EndGlobalSection
	GlobalSection(NestedProjects) = preSolution
		{28017C45-216E-41B8-817F-D5CA18F36199} = {02EA681E-C7D8-13C7-8484-4AC65E1B71E8}
		{98F3F033-DFD1-26A5-DFF7-F1066F09C86E} = {CDDABC76-EAE7-40B9-BF27-9A04217B35B0}
	EndGlobalSection
	GlobalSection(ExtensibilityGlobals) = postSolution
		SolutionGuid = {DA575931-F930-46BA-A39D-976970B16CB2}
	EndGlobalSection
EndGlobal
